
Microsoft Visual Studio Solution File, Format Version 12.00
# Visual Studio 15
VisualStudioVersion = 15.0.27703.2047
MinimumVisualStudioVersion = 10.0.40219.1
Project("{FAE04EC0-301F-11D3-BF4B-00C04F79EFBC}") = "DemoApi", "DemoApi\DemoApi.csproj", "{554842D9-6332-4B7A-B108-09D8DD0F25B1}"
EndProject
Project("{FAE04EC0-301F-11D3-BF4B-00C04F79EFBC}") = "SidecarProxy", "SidecarProxy\SidecarProxy.csproj", "{D9E27D04-92C2-4E54-9A66-09302431BDAB}"
EndProject
Global
	GlobalSection(SolutionConfigurationPlatforms) = preSolution
		Debug|Any CPU = Debug|Any CPU
		Release|Any CPU = Release|Any CPU
	EndGlobalSection
	GlobalSection(ProjectConfigurationPlatforms) = postSolution
		{554842D9-6332-4B7A-B108-09D8DD0F25B1}.Debug|Any CPU.ActiveCfg = Debug|Any CPU
		{554842D9-6332-4B7A-B108-09D8DD0F25B1}.Debug|Any CPU.Build.0 = Debug|Any CPU
		{554842D9-6332-4B7A-B108-09D8DD0F25B1}.Release|Any CPU.ActiveCfg = Release|Any CPU
		{554842D9-6332-4B7A-B108-09D8DD0F25B1}.Release|Any CPU.Build.0 = Release|Any CPU
		{D9E27D04-92C2-4E54-9A66-09302431BDAB}.Debug|Any CPU.ActiveCfg = Debug|Any CPU
		{D9E27D04-92C2-4E54-9A66-09302431BDAB}.Debug|Any CPU.Build.0 = Debug|Any CPU
		{D9E27D04-92C2-4E54-9A66-09302431BDAB}.Release|Any CPU.ActiveCfg = Release|Any CPU
		{D9E27D04-92C2-4E54-9A66-09302431BDAB}.Release|Any CPU.Build.0 = Release|Any CPU
	EndGlobalSection
	GlobalSection(SolutionProperties) = preSolution
		HideSolutionNode = FALSE
	EndGlobalSection
	GlobalSection(ExtensibilityGlobals) = postSolution
		SolutionGuid = {1440C61D-79FA-4E5B-A560-AE0A06E111A8}
	EndGlobalSection
EndGlobal
