
Microsoft Visual Studio Solution File, Format Version 12.00
# Visual Studio 15
VisualStudioVersion = 15.0.27703.2047
MinimumVisualStudioVersion = 10.0.40219.1
Project("{FAE04EC0-301F-11D3-BF4B-00C04F79EFBC}") = "AadPodIdentityDemoApi", "AadPodIdentityDemoApi\AadPodIdentityDemoApi.csproj", "{AF361C58-E413-44C5-83E3-9BFEB00B6EFF}"
EndProject
Global
	GlobalSection(SolutionConfigurationPlatforms) = preSolution
		Debug|Any CPU = Debug|Any CPU
		Release|Any CPU = Release|Any CPU
	EndGlobalSection
	GlobalSection(ProjectConfigurationPlatforms) = postSolution
		{AF361C58-E413-44C5-83E3-9BFEB00B6EFF}.Debug|Any CPU.ActiveCfg = Debug|Any CPU
		{AF361C58-E413-44C5-83E3-9BFEB00B6EFF}.Debug|Any CPU.Build.0 = Debug|Any CPU
		{AF361C58-E413-44C5-83E3-9BFEB00B6EFF}.Release|Any CPU.ActiveCfg = Release|Any CPU
		{AF361C58-E413-44C5-83E3-9BFEB00B6EFF}.Release|Any CPU.Build.0 = Release|Any CPU
	EndGlobalSection
	GlobalSection(SolutionProperties) = preSolution
		HideSolutionNode = FALSE
	EndGlobalSection
	GlobalSection(ExtensibilityGlobals) = postSolution
		SolutionGuid = {F37B8462-0BDF-47AB-B2D2-95DDB8842A38}
	EndGlobalSection
EndGlobal
